
Microsoft Visual Studio Solution File, Format Version 12.00
# Visual Studio Version 17
VisualStudioVersion = 17.1.32421.90
MinimumVisualStudioVersion = 10.0.40219.1
Project("{FAE04EC0-301F-11D3-BF4B-00C04F79EFBC}") = "Task1", "Task1.csproj", "{36DE5441-A5A5-4B05-A9DF-E84E425336A9}"
EndProject
Global
	GlobalSection(SolutionConfigurationPlatforms) = preSolution
		Debug|Any CPU = Debug|Any CPU
		Release|Any CPU = Release|Any CPU
	EndGlobalSection
	GlobalSection(ProjectConfigurationPlatforms) = postSolution
		{36DE5441-A5A5-4B05-A9DF-E84E425336A9}.Debug|Any CPU.ActiveCfg = Debug|Any CPU
		{36DE5441-A5A5-4B05-A9DF-E84E425336A9}.Debug|Any CPU.Build.0 = Debug|Any CPU
		{36DE5441-A5A5-4B05-A9DF-E84E425336A9}.Release|Any CPU.ActiveCfg = Release|Any CPU
		{36DE5441-A5A5-4B05-A9DF-E84E425336A9}.Release|Any CPU.Build.0 = Release|Any CPU
	EndGlobalSection
	GlobalSection(SolutionProperties) = preSolution
		HideSolutionNode = FALSE
	EndGlobalSection
	GlobalSection(ExtensibilityGlobals) = postSolution
		SolutionGuid = {2BA3EAA0-BFC0-44DB-9374-99E7E1C2E255}
	EndGlobalSection
EndGlobal
